
Microsoft Visual Studio Solution File, Format Version 12.00
# Visual Studio Version 17
VisualStudioVersion = 17.11.35312.102
MinimumVisualStudioVersion = 10.0.40219.1
Project("{FAE04EC0-301F-11D3-BF4B-00C04F79EFBC}") = "UnitTesting", "UnitTesting\UnitTesting.csproj", "{4E56BAF3-4CD1-4B03-BDCB-56DE2ACFA4D0}"
EndProject
Project("{FAE04EC0-301F-11D3-BF4B-00C04F79EFBC}") = "Katas", "Katas\Katas.csproj", "{B4347E1C-B0AF-4103-8D2B-6395825CA7D2}"
EndProject
Global
	GlobalSection(SolutionConfigurationPlatforms) = preSolution
		Debug|Any CPU = Debug|Any CPU
		Release|Any CPU = Release|Any CPU
	EndGlobalSection
	GlobalSection(ProjectConfigurationPlatforms) = postSolution
		{4E56BAF3-4CD1-4B03-BDCB-56DE2ACFA4D0}.Debug|Any CPU.ActiveCfg = Debug|Any CPU
		{4E56BAF3-4CD1-4B03-BDCB-56DE2ACFA4D0}.Debug|Any CPU.Build.0 = Debug|Any CPU
		{4E56BAF3-4CD1-4B03-BDCB-56DE2ACFA4D0}.Release|Any CPU.ActiveCfg = Release|Any CPU
		{4E56BAF3-4CD1-4B03-BDCB-56DE2ACFA4D0}.Release|Any CPU.Build.0 = Release|Any CPU
		{B4347E1C-B0AF-4103-8D2B-6395825CA7D2}.Debug|Any CPU.ActiveCfg = Debug|Any CPU
		{B4347E1C-B0AF-4103-8D2B-6395825CA7D2}.Debug|Any CPU.Build.0 = Debug|Any CPU
		{B4347E1C-B0AF-4103-8D2B-6395825CA7D2}.Release|Any CPU.ActiveCfg = Release|Any CPU
		{B4347E1C-B0AF-4103-8D2B-6395825CA7D2}.Release|Any CPU.Build.0 = Release|Any CPU
	EndGlobalSection
	GlobalSection(SolutionProperties) = preSolution
		HideSolutionNode = FALSE
	EndGlobalSection
	GlobalSection(ExtensibilityGlobals) = postSolution
		SolutionGuid = {D446D2E8-2AC0-460D-AFFA-671C769D9F2C}
	EndGlobalSection
EndGlobal
